
Microsoft Visual Studio Solution File, Format Version 12.00
# Visual Studio Version 16
VisualStudioVersion = 16.0.31729.503
MinimumVisualStudioVersion = 10.0.40219.1
Project("{FAE04EC0-301F-11D3-BF4B-00C04F79EFBC}") = "MCD_FakeDataVeGridView", "MCD_FakeDataVeGridView\MCD_FakeDataVeGridView.csproj", "{359B681C-C572-47FD-A687-F6A8667AE5A8}"
EndProject
Global
	GlobalSection(SolutionConfigurationPlatforms) = preSolution
		Debug|Any CPU = Debug|Any CPU
		Release|Any CPU = Release|Any CPU
	EndGlobalSection
	GlobalSection(ProjectConfigurationPlatforms) = postSolution
		{359B681C-C572-47FD-A687-F6A8667AE5A8}.Debug|Any CPU.ActiveCfg = Debug|Any CPU
		{359B681C-C572-47FD-A687-F6A8667AE5A8}.Debug|Any CPU.Build.0 = Debug|Any CPU
		{359B681C-C572-47FD-A687-F6A8667AE5A8}.Release|Any CPU.ActiveCfg = Release|Any CPU
		{359B681C-C572-47FD-A687-F6A8667AE5A8}.Release|Any CPU.Build.0 = Release|Any CPU
	EndGlobalSection
	GlobalSection(SolutionProperties) = preSolution
		HideSolutionNode = FALSE
	EndGlobalSection
	GlobalSection(ExtensibilityGlobals) = postSolution
		SolutionGuid = {39740966-E7AE-49C2-8D03-FC83B0F5244D}
	EndGlobalSection
EndGlobal
